
Microsoft Visual Studio Solution File, Format Version 12.00
# Visual Studio Version 16
VisualStudioVersion = 16.0.809.10
MinimumVisualStudioVersion = 10.0.40219.1
Project("{FAE04EC0-301F-11D3-BF4B-00C04F79EFBC}") = "todolistbackend", "todolistbackend\todolistbackend.csproj", "{C49B77B1-91BF-4C8F-9CAB-7C37E1F1CB3D}"
EndProject
Project("{FAE04EC0-301F-11D3-BF4B-00C04F79EFBC}") = "todolistbackend.domain", "todolistbackend.domain\todolistbackend.domain.csproj", "{54E1A081-D0FA-44C8-B942-78E74A7B81D0}"
EndProject
Project("{FAE04EC0-301F-11D3-BF4B-00C04F79EFBC}") = "todolistbackend.tests", "todolistbackend.tests\todolistbackend.tests.csproj", "{01DA07CC-DC88-4653-99A9-338413BF73FA}"
EndProject
Global
	GlobalSection(SolutionConfigurationPlatforms) = preSolution
		Debug|Any CPU = Debug|Any CPU
		Release|Any CPU = Release|Any CPU
	EndGlobalSection
	GlobalSection(ProjectConfigurationPlatforms) = postSolution
		{C49B77B1-91BF-4C8F-9CAB-7C37E1F1CB3D}.Debug|Any CPU.ActiveCfg = Debug|Any CPU
		{C49B77B1-91BF-4C8F-9CAB-7C37E1F1CB3D}.Debug|Any CPU.Build.0 = Debug|Any CPU
		{C49B77B1-91BF-4C8F-9CAB-7C37E1F1CB3D}.Release|Any CPU.ActiveCfg = Release|Any CPU
		{C49B77B1-91BF-4C8F-9CAB-7C37E1F1CB3D}.Release|Any CPU.Build.0 = Release|Any CPU
		{54E1A081-D0FA-44C8-B942-78E74A7B81D0}.Debug|Any CPU.ActiveCfg = Debug|Any CPU
		{54E1A081-D0FA-44C8-B942-78E74A7B81D0}.Debug|Any CPU.Build.0 = Debug|Any CPU
		{54E1A081-D0FA-44C8-B942-78E74A7B81D0}.Release|Any CPU.ActiveCfg = Release|Any CPU
		{54E1A081-D0FA-44C8-B942-78E74A7B81D0}.Release|Any CPU.Build.0 = Release|Any CPU
		{01DA07CC-DC88-4653-99A9-338413BF73FA}.Debug|Any CPU.ActiveCfg = Debug|Any CPU
		{01DA07CC-DC88-4653-99A9-338413BF73FA}.Debug|Any CPU.Build.0 = Debug|Any CPU
		{01DA07CC-DC88-4653-99A9-338413BF73FA}.Release|Any CPU.ActiveCfg = Release|Any CPU
		{01DA07CC-DC88-4653-99A9-338413BF73FA}.Release|Any CPU.Build.0 = Release|Any CPU
	EndGlobalSection
	GlobalSection(SolutionProperties) = preSolution
		HideSolutionNode = FALSE
	EndGlobalSection
	GlobalSection(ExtensibilityGlobals) = postSolution
		SolutionGuid = {60F0E5C1-E66F-4960-A8EC-E80E5A75A39D}
	EndGlobalSection
EndGlobal
